// !$*UTF8*$!
{
	archiveVersion = 1;
	classes = {
	};
	objectVersion = 50;
	objects = {

/* Begin PBXBuildFile section */
		873700AE23EC518E00CAFB4A /* AppDelegate.swift in Sources */ = {isa = PBXBuildFile; fileRef = 873700AD23EC518E00CAFB4A /* AppDelegate.swift */; };
		873700B023EC518E00CAFB4A /* SceneDelegate.swift in Sources */ = {isa = PBXBuildFile; fileRef = 873700AF23EC518E00CAFB4A /* SceneDelegate.swift */; };
		873700B223EC518E00CAFB4A /* ViewController.swift in Sources */ = {isa = PBXBuildFile; fileRef = 873700B123EC518E00CAFB4A /* ViewController.swift */; };
		873700B523EC518E00CAFB4A /* Main.storyboard in Resources */ = {isa = PBXBuildFile; fileRef = 873700B323EC518E00CAFB4A /* Main.storyboard */; };
		873700B723EC519200CAFB4A /* Assets.xcassets in Resources */ = {isa = PBXBuildFile; fileRef = 873700B623EC519200CAFB4A /* Assets.xcassets */; };
		873700BA23EC519200CAFB4A /* LaunchScreen.storyboard in Resources */ = {isa = PBXBuildFile; fileRef = 873700B823EC519200CAFB4A /* LaunchScreen.storyboard */; };
/* End PBXBuildFile section */

/* Begin PBXFileReference section */
		873700AA23EC518E00CAFB4A /* lesson43TableViewAnimation.app */ = {isa = PBXFileReference; explicitFileType = wrapper.application; includeInIndex = 0; path = lesson43TableViewAnimation.app; sourceTree = BUILT_PRODUCTS_DIR; };
		873700AD23EC518E00CAFB4A /* AppDelegate.swift */ = {isa = PBXFileReference; lastKnownFileType = sourcecode.swift; path = AppDelegate.swift; sourceTree = "<group>"; };
		873700AF23EC518E00CAFB4A /* SceneDelegate.swift */ = {isa = PBXFileReference; lastKnownFileType = sourcecode.swift; path = SceneDelegate.swift; sourceTree = "<group>"; };
		873700B123EC518E00CAFB4A /* ViewController.swift */ = {isa = PBXFileReference; lastKnownFileType = sourcecode.swift; path = ViewController.swift; sourceTree = "<group>"; };
		873700B423EC518E00CAFB4A /* Base */ = {isa = PBXFileReference; lastKnownFileType = file.storyboard; name = Base; path = Base.lproj/Main.storyboard; sourceTree = "<group>"; };
		873700B623EC519200CAFB4A /* Assets.xcassets */ = {isa = PBXFileReference; lastKnownFileType = folder.assetcatalog; path = Assets.xcassets; sourceTree = "<group>"; };
		873700B923EC519200CAFB4A /* Base */ = {isa = PBXFileReference; lastKnownFileType = file.storyboard; name = Base; path = Base.lproj/LaunchScreen.storyboard; sourceTree = "<group>"; };
		873700BB23EC519200CAFB4A /* Info.plist */ = {isa = PBXFileReference; lastKnownFileType = text.plist.xml; path = Info.plist; sourceTree = "<group>"; };
/* End PBXFileReference section */

/* Begin PBXFrameworksBuildPhase section */
		873700A723EC518E00CAFB4A /* Frameworks */ = {
			isa = PBXFrameworksBuildPhase;
			buildActionMask = 2147483647;
			files = (
			);
			runOnlyForDeploymentPostprocessing = 0;
		};
/* End PBXFrameworksBuildPhase section */

/* Begin PBXGroup section */
		873700A123EC518E00CAFB4A = {
			isa = PBXGroup;
			children = (
				873700AC23EC518E00CAFB4A /* lesson43TableViewAnimation */,
				873700AB23EC518E00CAFB4A /* Products */,
			);
			sourceTree = "<group>";
		};
		873700AB23EC518E00CAFB4A /* Products */ = {
			isa = PBXGroup;
			children = (
				873700AA23EC518E00CAFB4A /* lesson43TableViewAnimation.app */,
			);
			name = Products;
			sourceTree = "<group>";
		};
		873700AC23EC518E00CAFB4A /* lesson43TableViewAnimation */ = {
			isa = PBXGroup;
			children = (
				873700AD23EC518E00CAFB4A /* AppDelegate.swift */,
				873700AF23EC518E00CAFB4A /* SceneDelegate.swift */,
				873700B123EC518E00CAFB4A /* ViewController.swift */,
				873700B323EC518E00CAFB4A /* Main.storyboard */,
				873700B623EC519200CAFB4A /* Assets.xcassets */,
				873700B823EC519200CAFB4A /* LaunchScreen.storyboard */,
				873700BB23EC519200CAFB4A /* Info.plist */,
			);
			path = lesson43TableViewAnimation;
			sourceTree = "<group>";
		};
/* End PBXGroup section */

/* Begin PBXNativeTarget section */
		873700A923EC518E00CAFB4A /* lesson43TableViewAnimation */ = {
			isa = PBXNativeTarget;
			buildConfigurationList = 873700BE23EC519200CAFB4A /* Build configuration list for PBXNativeTarget "lesson43TableViewAnimation" */;
			buildPhases = (
				873700A623EC518E00CAFB4A /* Sources */,
				873700A723EC518E00CAFB4A /* Frameworks */,
				873700A823EC518E00CAFB4A /* Resources */,
			);
			buildRules = (
			);
			dependencies = (
			);
			name = lesson43TableViewAnimation;
			productName = lesson43TableViewAnimation;
			productReference = 873700AA23EC518E00CAFB4A /* lesson43TableViewAnimation.app */;
			productType = "com.apple.product-type.application";
		};
/* End PBXNativeTarget section */

/* Begin PBXProject section */
		873700A223EC518E00CAFB4A /* Project object */ = {
			isa = PBXProject;
			attributes = {
				LastSwiftUpdateCheck = 1120;
				LastUpgradeCheck = 1120;
				ORGANIZATIONNAME = "Shakhzodbek Azizov";
				TargetAttributes = {
					873700A923EC518E00CAFB4A = {
						CreatedOnToolsVersion = 11.2.1;
					};
				};
			};
			buildConfigurationList = 873700A523EC518E00CAFB4A /* Build configuration list for PBXProject "lesson43TableViewAnimation" */;
			compatibilityVersion = "Xcode 9.3";
			developmentRegion = en;
			hasScannedForEncodings = 0;
			knownRegions = (
				en,
				Base,
			);
			mainGroup = 873700A123EC518E00CAFB4A;
			productRefGroup = 873700AB23EC518E00CAFB4A /* Products */;
			projectDirPath = "";
			projectRoot = "";
			targets = (
				873700A923EC518E00CAFB4A /* lesson43TableViewAnimation */,
			);
		};
/* End PBXProject section */

/* Begin PBXResourcesBuildPhase section */
		873700A823EC518E00CAFB4A /* Resources */ = {
			isa = PBXResourcesBuildPhase;
			buildActionMask = 2147483647;
			files = (
				873700BA23EC519200CAFB4A /* LaunchScreen.storyboard in Resources */,
				873700B723EC519200CAFB4A /* Assets.xcassets in Resources */,
				873700B523EC518E00CAFB4A /* Main.storyboard in Resources */,
			);
			runOnlyForDeploymentPostprocessing = 0;
		};
/* End PBXResourcesBuildPhase section */

/* Begin PBXSourcesBuildPhase section */
		873700A623EC518E00CAFB4A /* Sources */ = {
			isa = PBXSourcesBuildPhase;
			buildActionMask = 2147483647;
			files = (
				873700B223EC518E00CAFB4A /* ViewController.swift in Sources */,
				873700AE23EC518E00CAFB4A /* AppDelegate.swift in Sources */,
				873700B023EC518E00CAFB4A /* SceneDelegate.swift in Sources */,
			);
			runOnlyForDeploymentPostprocessing = 0;
		};
/* End PBXSourcesBuildPhase section */

/* Begin PBXVariantGroup section */
		873700B323EC518E00CAFB4A /* Main.storyboard */ = {
			isa = PBXVariantGroup;
			children = (
				873700B423EC518E00CAFB4A /* Base */,
			);
			name = Main.storyboard;
			sourceTree = "<group>";
		};
		873700B823EC519200CAFB4A /* LaunchScreen.storyboard */ = {
			isa = PBXVariantGroup;
			children = (
				873700B923EC519200CAFB4A /* Base */,
			);
			name = LaunchScreen.storyboard;
			sourceTree = "<group>";
		};
/* End PBXVariantGroup section */

/* Begin XCBuildConfiguration section */
		873700BC23EC519200CAFB4A /* Debug */ = {
			isa = XCBuildConfiguration;
			buildSettings = {
				ALWAYS_SEARCH_USER_PATHS = NO;
				CLANG_ANALYZER_NONNULL = YES;
				CLANG_ANALYZER_NUMBER_OBJECT_CONVERSION = YES_AGGRESSIVE;
				CLANG_CXX_LANGUAGE_STANDARD = "gnu++14";
				CLANG_CXX_LIBRARY = "libc++";
				CLANG_ENABLE_MODULES = YES;
				CLANG_ENABLE_OBJC_ARC = YES;
				CLANG_ENABLE_OBJC_WEAK = YES;
				CLANG_WARN_BLOCK_CAPTURE_AUTORELEASING = YES;
				CLANG_WARN_BOOL_CONVERSION = YES;
				CLANG_WARN_COMMA = YES;
				CLANG_WARN_CONSTANT_CONVERSION = YES;
				CLANG_WARN_DEPRECATED_OBJC_IMPLEMENTATIONS = YES;
				CLANG_WARN_DIRECT_OBJC_ISA_USAGE = YES_ERROR;
				CLANG_WARN_DOCUMENTATION_COMMENTS = YES;
				CLANG_WARN_EMPTY_BODY = YES;
				CLANG_WARN_ENUM_CONVERSION = YES;
				CLANG_WARN_INFINITE_RECURSION = YES;
				CLANG_WARN_INT_CONVERSION = YES;
				CLANG_WARN_NON_LITERAL_NULL_CONVERSION = YES;
				CLANG_WARN_OBJC_IMPLICIT_RETAIN_SELF = YES;
				CLANG_WARN_OBJC_LITERAL_CONVERSION = YES;
				CLANG_WARN_OBJC_ROOT_CLASS = YES_ERROR;
				CLANG_WARN_RANGE_LOOP_ANALYSIS = YES;
				CLANG_WARN_STRICT_PROTOTYPES = YES;
				CLANG_WARN_SUSPICIOUS_MOVE = YES;
				CLANG_WARN_UNGUARDED_AVAILABILITY = YES_AGGRESSIVE;
				CLANG_WARN_UNREACHABLE_CODE = YES;
				CLANG_WARN__DUPLICATE_METHOD_MATCH = YES;
				COPY_PHASE_STRIP = NO;
				DEBUG_INFORMATION_FORMAT = dwarf;
				ENABLE_STRICT_OBJC_MSGSEND = YES;
				ENABLE_TESTABILITY = YES;
				GCC_C_LANGUAGE_STANDARD = gnu11;
				GCC_DYNAMIC_NO_PIC = NO;
				GCC_NO_COMMON_BLOCKS = YES;
				GCC_OPTIMIZATION_LEVEL = 0;
				GCC_PREPROCESSOR_DEFINITIONS = (
					"DEBUG=1",
					"$(inherited)",
				);
				GCC_WARN_64_TO_32_BIT_CONVERSION = YES;
				GCC_WARN_ABOUT_RETURN_TYPE = YES_ERROR;
				GCC_WARN_UNDECLARED_SELECTOR = YES;
				GCC_WARN_UNINITIALIZED_AUTOS = YES_AGGRESSIVE;
				GCC_WARN_UNUSED_FUNCTION = YES;
				GCC_WARN_UNUSED_VARIABLE = YES;
				IPHONEOS_DEPLOYMENT_TARGET = 13.2;
				MTL_ENABLE_DEBUG_INFO = INCLUDE_SOURCE;
				MTL_FAST_MATH = YES;
				ONLY_ACTIVE_ARCH = YES;
				SDKROOT = iphoneos;
				SWIFT_ACTIVE_COMPILATION_CONDITIONS = DEBUG;
				SWIFT_OPTIMIZATION_LEVEL = "-Onone";
			};
			name = Debug;
		};
		873700BD23EC519200CAFB4A /* Release */ = {
			isa = XCBuildConfiguration;
			buildSettings = {
				ALWAYS_SEARCH_USER_PATHS = NO;
				CLANG_ANALYZER_NONNULL = YES;
				CLANG_ANALYZER_NUMBER_OBJECT_CONVERSION = YES_AGGRESSIVE;
				CLANG_CXX_LANGUAGE_STANDARD = "gnu++14";
				CLANG_CXX_LIBRARY = "libc++";
				CLANG_ENABLE_MODULES = YES;
				CLANG_ENABLE_OBJC_ARC = YES;
				CLANG_ENABLE_OBJC_WEAK = YES;
				CLANG_WARN_BLOCK_CAPTURE_AUTORELEASING = YES;
				CLANG_WARN_BOOL_CONVERSION = YES;
				CLANG_WARN_COMMA = YES;
				CLANG_WARN_CONSTANT_CONVERSION = YES;
				CLANG_WARN_DEPRECATED_OBJC_IMPLEMENTATIONS = YES;
				CLANG_WARN_DIRECT_OBJC_ISA_USAGE = YES_ERROR;
				CLANG_WARN_DOCUMENTATION_COMMENTS = YES;
				CLANG_WARN_EMPTY_BODY = YES;
				CLANG_WARN_ENUM_CONVERSION = YES;
				CLANG_WARN_INFINITE_RECURSION = YES;
				CLANG_WARN_INT_CONVERSION = YES;
				CLANG_WARN_NON_LITERAL_NULL_CONVERSION = YES;
				CLANG_WARN_OBJC_IMPLICIT_RETAIN_SELF = YES;
				CLANG_WARN_OBJC_LITERAL_CONVERSION = YES;
				CLANG_WARN_OBJC_ROOT_CLASS = YES_ERROR;
				CLANG_WARN_RANGE_LOOP_ANALYSIS = YES;
				CLANG_WARN_STRICT_PROTOTYPES = YES;
				CLANG_WARN_SUSPICIOUS_MOVE = YES;
				CLANG_WARN_UNGUARDED_AVAILABILITY = YES_AGGRESSIVE;
				CLANG_WARN_UNREACHABLE_CODE = YES;
				CLANG_WARN__DUPLICATE_METHOD_MATCH = YES;
				COPY_PHASE_STRIP = NO;
				DEBUG_INFORMATION_FORMAT = "dwarf-with-dsym";
				ENABLE_NS_ASSERTIONS = NO;
				ENABLE_STRICT_OBJC_MSGSEND = YES;
				GCC_C_LANGUAGE_STANDARD = gnu11;
				GCC_NO_COMMON_BLOCKS = YES;
				GCC_WARN_64_TO_32_BIT_CONVERSION = YES;
				GCC_WARN_ABOUT_RETURN_TYPE = YES_ERROR;
				GCC_WARN_UNDECLARED_SELECTOR = YES;
				GCC_WARN_UNINITIALIZED_AUTOS = YES_AGGRESSIVE;
				GCC_WARN_UNUSED_FUNCTION = YES;
				GCC_WARN_UNUSED_VARIABLE = YES;
				IPHONEOS_DEPLOYMENT_TARGET = 13.2;
				MTL_ENABLE_DEBUG_INFO = NO;
				MTL_FAST_MATH = YES;
				SDKROOT = iphoneos;
				SWIFT_COMPILATION_MODE = wholemodule;
				SWIFT_OPTIMIZATION_LEVEL = "-O";
				VALIDATE_PRODUCT = YES;
			};
			name = Release;
		};
		873700BF23EC519200CAFB4A /* Debug */ = {
			isa = XCBuildConfiguration;
			buildSettings = {
				ASSETCATALOG_COMPILER_APPICON_NAME = AppIcon;
				CODE_SIGN_STYLE = Automatic;
				DEVELOPMENT_TEAM = H66S4FPHP6;
				INFOPLIST_FILE = lesson43TableViewAnimation/Info.plist;
				LD_RUNPATH_SEARCH_PATHS = (
					"$(inherited)",
					"@executable_path/Frameworks",
				);
				PRODUCT_BUNDLE_IDENTIFIER = com.shakhzodbek.lesson43TableViewAnimation;
				PRODUCT_NAME = "$(TARGET_NAME)";
				SWIFT_VERSION = 5.0;
				TARGETED_DEVICE_FAMILY = "1,2";
			};
			name = Debug;
		};
		873700C023EC519200CAFB4A /* Release */ = {
			isa = XCBuildConfiguration;
			buildSettings = {
				ASSETCATALOG_COMPILER_APPICON_NAME = AppIcon;
				CODE_SIGN_STYLE = Automatic;
				DEVELOPMENT_TEAM = H66S4FPHP6;
				INFOPLIST_FILE = lesson43TableViewAnimation/Info.plist;
				LD_RUNPATH_SEARCH_PATHS = (
					"$(inherited)",
					"@executable_path/Frameworks",
				);
				PRODUCT_BUNDLE_IDENTIFIER = com.shakhzodbek.lesson43TableViewAnimation;
				PRODUCT_NAME = "$(TARGET_NAME)";
				SWIFT_VERSION = 5.0;
				TARGETED_DEVICE_FAMILY = "1,2";
			};
			name = Release;
		};
/* End XCBuildConfiguration section */

/* Begin XCConfigurationList section */
		873700A523EC518E00CAFB4A /* Build configuration list for PBXProject "lesson43TableViewAnimation" */ = {
			isa = XCConfigurationList;
			buildConfigurations = (
				873700BC23EC519200CAFB4A /* Debug */,
				873700BD23EC519200CAFB4A /* Release */,
			);
			defaultConfigurationIsVisible = 0;
			defaultConfigurationName = Release;
		};
		873700BE23EC519200CAFB4A /* Build configuration list for PBXNativeTarget "lesson43TableViewAnimation" */ = {
			isa = XCConfigurationList;
			buildConfigurations = (
				873700BF23EC519200CAFB4A /* Debug */,
				873700C023EC519200CAFB4A /* Release */,
			);
			defaultConfigurationIsVisible = 0;
			defaultConfigurationName = Release;
		};
/* End XCConfigurationList section */
	};
	rootObject = 873700A223EC518E00CAFB4A /* Project object */;
}
